
Microsoft Visual Studio Solution File, Format Version 12.00
# Visual Studio Version 17
VisualStudioVersion = 17.10.34928.147
MinimumVisualStudioVersion = 10.0.40219.1
Project("{FAE04EC0-301F-11D3-BF4B-00C04F79EFBC}") = "Notepad_Agile_Final", "Notepad_Agile_Final\Notepad_Agile_Final.csproj", "{3F7E9DC4-89C7-4F34-86CD-6E6EF85246D9}"
EndProject
Global
	GlobalSection(SolutionConfigurationPlatforms) = preSolution
		Debug|Any CPU = Debug|Any CPU
		Release|Any CPU = Release|Any CPU
	EndGlobalSection
	GlobalSection(ProjectConfigurationPlatforms) = postSolution
		{3F7E9DC4-89C7-4F34-86CD-6E6EF85246D9}.Debug|Any CPU.ActiveCfg = Debug|Any CPU
		{3F7E9DC4-89C7-4F34-86CD-6E6EF85246D9}.Debug|Any CPU.Build.0 = Debug|Any CPU
		{3F7E9DC4-89C7-4F34-86CD-6E6EF85246D9}.Release|Any CPU.ActiveCfg = Release|Any CPU
		{3F7E9DC4-89C7-4F34-86CD-6E6EF85246D9}.Release|Any CPU.Build.0 = Release|Any CPU
	EndGlobalSection
	GlobalSection(SolutionProperties) = preSolution
		HideSolutionNode = FALSE
	EndGlobalSection
	GlobalSection(ExtensibilityGlobals) = postSolution
		SolutionGuid = {1CBAC6E4-DC8C-4B5F-BED8-6D6739E794BE}
	EndGlobalSection
EndGlobal
